        "supertest": "^6.3.3",
    "@paralleldrive/cuid2": ["@paralleldrive/cuid2@2.2.2", "", { "dependencies": { "@noble/hashes": "^1.1.5" } }, "sha512-ZOBkgDwEdoYVlSeRbYYXs0S9MejQofiVYoTbKzy/6GQa39/q5tQU2IX46+shYnUkpEl3wc+J6wRlar7r2EK2xA=="],

    "asap": ["asap@2.0.6", "", {}, "sha512-BSHWgDSAiKs50o2Re8ppvp3seVHXSRM44cdSsT9FfNEUUZLOGWVCsiWaRPWM1Znn+mqZ1OfVZ3z3DWEzSp7hRA=="],

    "component-emitter": ["component-emitter@1.3.1", "", {}, "sha512-T0+barUSQRTUQASh8bx02dl+DhF54GtIDY13Y3m9oWTklKbb3Wv974meRpeZ3lp1JpLVECWWNHC4vaG2XHXouQ=="],

    "cookiejar": ["cookiejar@2.1.4", "", {}, "sha512-LDx6oHrK+PhzLKJU9j5S7/Y3jM/mUHvD/DeI1WQmJn652iPC5Y4TBzC9l+5OMOXlyTTA+SmVUPm0HQUwpD5Jqw=="],

    "dezalgo": ["dezalgo@1.0.4", "", { "dependencies": { "asap": "^2.0.0", "wrappy": "1" } }, "sha512-rXSP0bf+5n0Qonsb+SVVfNfIsimO4HEtmnIpPHY8Q1UCzKlQrDMfdobr8nJOOsRgWCyMRqeSBQzmWUMq7zvVig=="],

    "formidable": ["formidable@2.1.5", "", { "dependencies": { "@paralleldrive/cuid2": "^2.2.2", "dezalgo": "^1.0.4", "once": "^1.4.0", "qs": "^6.11.0" } }, "sha512-Oz5Hwvwak/DCaXVVUtPn4oLMLLy1CdclLKO1LFgU7XzDpVMUU5UjlSLpGMocyQNNk8F6IJW9M/YdooSn2MRI+Q=="],

    "mime": ["mime@2.6.0", "", { "bin": { "mime": "cli.js" } }, "sha512-USPkMeET31rOMiarsBNIHZKLGgvKc/LrjofAnBlOttf5ajRvqiRA8QsenbcooctK6d6Ts6aqZXBA+XbkKthiQg=="],
    "superagent": ["superagent@8.1.2", "", { "dependencies": { "component-emitter": "^1.3.0", "cookiejar": "^2.1.4", "debug": "^4.3.4", "fast-safe-stringify": "^2.1.1", "form-data": "^4.0.0", "formidable": "^2.1.2", "methods": "^1.1.2", "mime": "2.6.0", "qs": "^6.11.0", "semver": "^7.3.8" } }, "sha512-6WTxW1EB6yCxV5VFOIPQruWGHqc3yI7hEmZK6h+pyk69Lk/Ut7rLUY6W/ONF2MjBuGjvmMiIpsrVJ2vjrHlslA=="],

    "supertest": ["supertest@6.3.4", "", { "dependencies": { "methods": "^1.1.2", "superagent": "^8.1.2" } }, "sha512-erY3HFDG0dPnhw4U+udPfrzXa4xhSG+n4rxfRuZWCUvjFWwKl+OxWf/7zk50s84/fAAs7vf5QAb9uRa0cCykxw=="],

    "load-bmfont/mime": ["mime@1.6.0", "", { "bin": { "mime": "cli.js" } }, "sha512-x0Vn8spI+wuJ1O6S7gnbaQg8Pxh4NNHb7KSINmEWKiPE4RKOplvijn+NkmYmmRgP68mc70j2EbeTFRsrswaQeg=="],

    "webpack-dev-server/express/send/mime": ["mime@1.6.0", "", { "bin": { "mime": "cli.js" } }, "sha512-x0Vn8spI+wuJ1O6S7gnbaQg8Pxh4NNHb7KSINmEWKiPE4RKOplvijn+NkmYmmRgP68mc70j2EbeTFRsrswaQeg=="],

